dependencies:
- name: idp-app
  repository: https://matuszeman.github.io/charts
  version: 4.2.1
- name: idp-app
  repository: https://matuszeman.github.io/charts
  version: 4.2.1
digest: sha256:40976c4c9725849f6dafbca699f384b73f3fd16618deb4f681a501713305db74
generated: "2026-02-13T19:35:09.36403+01:00"
