dependencies:
- name: alloy
  repository: https://grafana.github.io/helm-charts
  version: 1.7.0
- name: idp-app
  repository: https://matuszeman.github.io/charts
  version: 5.10.1
digest: sha256:3569a47b5ef14d358e866a91f2e16d5cfc2462f262172937d288760a8984757a
generated: "2026-04-14T18:11:49.633436+02:00"
