dependencies:
- name: argo-cd
  repository: https://argoproj.github.io/argo-helm
  version: 9.4.1
- name: idp-app
  repository: https://matuszeman.github.io/charts
  version: 4.2.1
- name: idp-app
  repository: https://matuszeman.github.io/charts
  version: 4.2.1
digest: sha256:92d5bef56cfa6a04fced6e7996622b743aa83d3079fc5ecfce4035c931cd2143
generated: "2026-02-11T14:53:58.324622+01:00"
