dependencies:
- name: proxmox-csi-plugin
  repository: oci://ghcr.io/sergelogvinov/charts
  version: 0.5.5
- name: idp-app
  repository: https://matuszeman.github.io/charts
  version: 5.9.0
digest: sha256:700c8813df3bb79e763ef554d3c548c24c91c3d4ace13288ec8b5c2942442328
generated: "2026-04-08T20:15:06.266729+02:00"
