dependencies:
- name: proxmox-csi-plugin
  repository: oci://ghcr.io/sergelogvinov/charts
  version: 0.5.12
- name: idp-app
  repository: https://matuszeman.github.io/charts
  version: 6.5.0
digest: sha256:149fb2fcb2a1fcfb2b728ac0afc9855cd455ba1710a37783f45797e0add773dc
generated: "2026-09-11T08:50:58.383078+02:00"
